<?xml version="1.0" encoding="utf-8"?>
<Project ToolsVersion="4.0" xmlns="http://schemas.microsoft.com/developer/msbuild/2003">
  <ItemGroup>
    <Filter Include="Source Files">
      <UniqueIdentifier>{4FC737F1-C7A5-4376-A066-2A32D752A2FF}</UniqueIdentifier>
      <Extensions>cpp;c;cc;cxx;def;odl;idl;hpj;bat;asm;asmx</Extensions>
    </Filter>
    <Filter Include="Header Files">
      <UniqueIdentifier>{93995380-89BD-4b04-88EB-625FBE52EBFB}</UniqueIdentifier>
      <Extensions>h;hh;hpp;hxx;hm;inl;inc;xsd</Extensions>
    </Filter>
    <Filter Include="Resource Files">
      <UniqueIdentifier>{67DA6AB6-F800-4c08-8B7A-83BB121AAD01}</UniqueIdentifier>
      <Extensions>rc;ico;cur;bmp;dlg;rc2;rct;bin;rgs;gif;jpg;jpeg;jpe;resx;tiff;tif;png;wav;mfcribbon-ms</Extensions>
    </Filter>
    <Filter Include="Header Files\SDK_HEADERS">
      <UniqueIdentifier>{3bd9752e-8468-4682-80a3-8fef168eee15}</UniqueIdentifier>
    </Filter>
    <Filter Include="Source Files\SDK_SOURCES">
      <UniqueIdentifier>{af21636d-4ec4-4c79-8e83-5b18cfafcdc2}</UniqueIdentifier>
    </Filter>
    <Filter Include="Source Files\Mods">
      <UniqueIdentifier>{1455bd29-426f-4c91-8153-288538169964}</UniqueIdentifier>
    </Filter>
    <Filter Include="Source Files\lua_src">
      <UniqueIdentifier>{8ee16e57-cb44-4d1c-bb18-fafb2fddd07e}</UniqueIdentifier>
    </Filter>
    <Filter Include="Source Files\Additions">
      <UniqueIdentifier>{973ab2c5-b5d2-42e7-b679-e30d32ae194a}</UniqueIdentifier>
    </Filter>
    <Filter Include="Source Files\libpng">
      <UniqueIdentifier>{02169fb5-8057-4bf2-aa37-871cb165067c}</UniqueIdentifier>
    </Filter>
    <Filter Include="Source Files\zlib">
      <UniqueIdentifier>{970aa5ac-ff7f-403f-b455-1cd84cdc6ace}</UniqueIdentifier>
    </Filter>
    <Filter Include="Source Files\cryptopp">
      <UniqueIdentifier>{5836644b-38ff-4abd-8be8-61b58d704595}</UniqueIdentifier>
    </Filter>
  </ItemGroup>
  <ItemGroup>
    <ClCompile Include="dllmain.cpp">
      <Filter>Source Files</Filter>
    </ClCompile>
    <ClCompile Include="SDK_SOURCES\GFxUI_functions.cpp">
      <Filter>Source Files\SDK_SOURCES</Filter>
    </ClCompile>
    <ClCompile Include="SDK_SOURCES\IpDrv_functions.cpp">
      <Filter>Source Files\SDK_SOURCES</Filter>
    </ClCompile>
    <ClCompile Include="SDK_SOURCES\OnlineSubsystemMcts_functions.cpp">
      <Filter>Source Files\SDK_SOURCES</Filter>
    </ClCompile>
    <ClCompile Include="SDK_SOURCES\PlatformCommon_functions.cpp">
      <Filter>Source Files\SDK_SOURCES</Filter>
    </ClCompile>
    <ClCompile Include="SDK_SOURCES\TribesGame_functions.cpp">
      <Filter>Source Files\SDK_SOURCES</Filter>
    </ClCompile>
    <ClCompile Include="SDK_SOURCES\TribesGameContent_functions.cpp">
      <Filter>Source Files\SDK_SOURCES</Filter>
    </ClCompile>
    <ClCompile Include="SDK_SOURCES\UDKBase_functions.cpp">
      <Filter>Source Files\SDK_SOURCES</Filter>
    </ClCompile>
    <ClCompile Include="SDK_SOURCES\UTGame_functions.cpp">
      <Filter>Source Files\SDK_SOURCES</Filter>
    </ClCompile>
    <ClCompile Include="SDK_SOURCES\WinDrv_functions.cpp">
      <Filter>Source Files\SDK_SOURCES</Filter>
    </ClCompile>
    <ClCompile Include="SDK_SOURCES\XAudio2_functions.cpp">
      <Filter>Source Files\SDK_SOURCES</Filter>
    </ClCompile>
    <ClCompile Include="SDK_SOURCES\Core_functions.cpp">
      <Filter>Source Files\SDK_SOURCES</Filter>
    </ClCompile>
    <ClCompile Include="SDK_SOURCES\Engine_functions.cpp">
      <Filter>Source Files\SDK_SOURCES</Filter>
    </ClCompile>
    <ClCompile Include="SDK_SOURCES\GameFramework_functions.cpp">
      <Filter>Source Files\SDK_SOURCES</Filter>
    </ClCompile>
    <ClCompile Include="Logger.cpp">
      <Filter>Source Files</Filter>
    </ClCompile>
    <ClCompile Include="lua_src\lapi.c">
      <Filter>Source Files\lua_src</Filter>
    </ClCompile>
    <ClCompile Include="lua_src\lauxlib.c">
      <Filter>Source Files\lua_src</Filter>
    </ClCompile>
    <ClCompile Include="lua_src\lbaselib.c">
      <Filter>Source Files\lua_src</Filter>
    </ClCompile>
    <ClCompile Include="lua_src\lbitlib.c">
      <Filter>Source Files\lua_src</Filter>
    </ClCompile>
    <ClCompile Include="lua_src\lcode.c">
      <Filter>Source Files\lua_src</Filter>
    </ClCompile>
    <ClCompile Include="lua_src\lcorolib.c">
      <Filter>Source Files\lua_src</Filter>
    </ClCompile>
    <ClCompile Include="lua_src\lctype.c">
      <Filter>Source Files\lua_src</Filter>
    </ClCompile>
    <ClCompile Include="lua_src\ldblib.c">
      <Filter>Source Files\lua_src</Filter>
    </ClCompile>
    <ClCompile Include="lua_src\ldebug.c">
      <Filter>Source Files\lua_src</Filter>
    </ClCompile>
    <ClCompile Include="lua_src\ldo.c">
      <Filter>Source Files\lua_src</Filter>
    </ClCompile>
    <ClCompile Include="lua_src\ldump.c">
      <Filter>Source Files\lua_src</Filter>
    </ClCompile>
    <ClCompile Include="lua_src\lfunc.c">
      <Filter>Source Files\lua_src</Filter>
    </ClCompile>
    <ClCompile Include="lua_src\lgc.c">
      <Filter>Source Files\lua_src</Filter>
    </ClCompile>
    <ClCompile Include="lua_src\linit.c">
      <Filter>Source Files\lua_src</Filter>
    </ClCompile>
    <ClCompile Include="lua_src\liolib.c">
      <Filter>Source Files\lua_src</Filter>
    </ClCompile>
    <ClCompile Include="lua_src\llex.c">
      <Filter>Source Files\lua_src</Filter>
    </ClCompile>
    <ClCompile Include="lua_src\lmathlib.c">
      <Filter>Source Files\lua_src</Filter>
    </ClCompile>
    <ClCompile Include="lua_src\lmem.c">
      <Filter>Source Files\lua_src</Filter>
    </ClCompile>
    <ClCompile Include="lua_src\loadlib.c">
      <Filter>Source Files\lua_src</Filter>
    </ClCompile>
    <ClCompile Include="lua_src\lobject.c">
      <Filter>Source Files\lua_src</Filter>
    </ClCompile>
    <ClCompile Include="lua_src\lopcodes.c">
      <Filter>Source Files\lua_src</Filter>
    </ClCompile>
    <ClCompile Include="lua_src\loslib.c">
      <Filter>Source Files\lua_src</Filter>
    </ClCompile>
    <ClCompile Include="lua_src\lparser.c">
      <Filter>Source Files\lua_src</Filter>
    </ClCompile>
    <ClCompile Include="lua_src\lstate.c">
      <Filter>Source Files\lua_src</Filter>
    </ClCompile>
    <ClCompile Include="lua_src\lstring.c">
      <Filter>Source Files\lua_src</Filter>
    </ClCompile>
    <ClCompile Include="lua_src\lstrlib.c">
      <Filter>Source Files\lua_src</Filter>
    </ClCompile>
    <ClCompile Include="lua_src\ltable.c">
      <Filter>Source Files\lua_src</Filter>
    </ClCompile>
    <ClCompile Include="lua_src\ltablib.c">
      <Filter>Source Files\lua_src</Filter>
    </ClCompile>
    <ClCompile Include="lua_src\ltm.c">
      <Filter>Source Files\lua_src</Filter>
    </ClCompile>
    <ClCompile Include="lua_src\luac.c">
      <Filter>Source Files\lua_src</Filter>
    </ClCompile>
    <ClCompile Include="lua_src\lundump.c">
      <Filter>Source Files\lua_src</Filter>
    </ClCompile>
    <ClCompile Include="lua_src\lutf8lib.c">
      <Filter>Source Files\lua_src</Filter>
    </ClCompile>
    <ClCompile Include="lua_src\lvm.c">
      <Filter>Source Files\lua_src</Filter>
    </ClCompile>
    <ClCompile Include="lua_src\lzio.c">
      <Filter>Source Files\lua_src</Filter>
    </ClCompile>
    <ClCompile Include="libpng\png.c">
      <Filter>Source Files\libpng</Filter>
    </ClCompile>
    <ClCompile Include="libpng\pngerror.c">
      <Filter>Source Files\libpng</Filter>
    </ClCompile>
    <ClCompile Include="libpng\pngget.c">
      <Filter>Source Files\libpng</Filter>
    </ClCompile>
    <ClCompile Include="libpng\pngmem.c">
      <Filter>Source Files\libpng</Filter>
    </ClCompile>
    <ClCompile Include="libpng\pngpread.c">
      <Filter>Source Files\libpng</Filter>
    </ClCompile>
    <ClCompile Include="libpng\pngread.c">
      <Filter>Source Files\libpng</Filter>
    </ClCompile>
    <ClCompile Include="libpng\pngrio.c">
      <Filter>Source Files\libpng</Filter>
    </ClCompile>
    <ClCompile Include="libpng\pngrtran.c">
      <Filter>Source Files\libpng</Filter>
    </ClCompile>
    <ClCompile Include="libpng\pngrutil.c">
      <Filter>Source Files\libpng</Filter>
    </ClCompile>
    <ClCompile Include="libpng\pngset.c">
      <Filter>Source Files\libpng</Filter>
    </ClCompile>
    <ClCompile Include="libpng\pngtrans.c">
      <Filter>Source Files\libpng</Filter>
    </ClCompile>
    <ClCompile Include="libpng\pngwio.c">
      <Filter>Source Files\libpng</Filter>
    </ClCompile>
    <ClCompile Include="libpng\pngwrite.c">
      <Filter>Source Files\libpng</Filter>
    </ClCompile>
    <ClCompile Include="libpng\pngwtran.c">
      <Filter>Source Files\libpng</Filter>
    </ClCompile>
    <ClCompile Include="libpng\pngwutil.c">
      <Filter>Source Files\libpng</Filter>
    </ClCompile>
    <ClCompile Include="zlib\adler32.c">
      <Filter>Source Files\zlib</Filter>
    </ClCompile>
    <ClCompile Include="zlib\compress.c">
      <Filter>Source Files\zlib</Filter>
    </ClCompile>
    <ClCompile Include="zlib\crc32.c">
      <Filter>Source Files\zlib</Filter>
    </ClCompile>
    <ClCompile Include="zlib\deflate.c">
      <Filter>Source Files\zlib</Filter>
    </ClCompile>
    <ClCompile Include="zlib\gzio.c">
      <Filter>Source Files\zlib</Filter>
    </ClCompile>
    <ClCompile Include="zlib\infback.c">
      <Filter>Source Files\zlib</Filter>
    </ClCompile>
    <ClCompile Include="zlib\inffast.c">
      <Filter>Source Files\zlib</Filter>
    </ClCompile>
    <ClCompile Include="zlib\inflate.c">
      <Filter>Source Files\zlib</Filter>
    </ClCompile>
    <ClCompile Include="zlib\inftrees.c">
      <Filter>Source Files\zlib</Filter>
    </ClCompile>
    <ClCompile Include="zlib\trees.c">
      <Filter>Source Files\zlib</Filter>
    </ClCompile>
    <ClCompile Include="zlib\uncompr.c">
      <Filter>Source Files\zlib</Filter>
    </ClCompile>
    <ClCompile Include="zlib\zlib-dllversion.c">
      <Filter>Source Files\zlib</Filter>
    </ClCompile>
    <ClCompile Include="zlib\zutil.c">
      <Filter>Source Files\zlib</Filter>
    </ClCompile>
    <ClCompile Include="Hooks.cpp">
      <Filter>Source Files</Filter>
    </ClCompile>
    <ClCompile Include="Profiler.cpp">
      <Filter>Source Files</Filter>
    </ClCompile>
    <ClCompile Include="Utils.cpp">
      <Filter>Source Files</Filter>
    </ClCompile>
    <ClCompile Include="Lua.cpp">
      <Filter>Source Files</Filter>
    </ClCompile>
    <ClCompile Include="Config.cpp">
      <Filter>Source Files</Filter>
    </ClCompile>
    <ClCompile Include="Geom.cpp">
      <Filter>Source Files</Filter>
    </ClCompile>
    <ClCompile Include="Audio.cpp">
      <Filter>Source Files</Filter>
    </ClCompile>
    <ClCompile Include="SoundEffect.cpp">
      <Filter>Source Files</Filter>
    </ClCompile>
    <ClCompile Include="Stats.cpp">
      <Filter>Source Files</Filter>
    </ClCompile>
    <ClCompile Include="Mod_AccoladeSounds.cpp">
      <Filter>Source Files\Mods</Filter>
    </ClCompile>
    <ClCompile Include="Mod_ConsoleCommands.cpp">
      <Filter>Source Files\Mods</Filter>
    </ClCompile>
    <ClCompile Include="Mod_DamageNumbers.cpp">
      <Filter>Source Files\Mods</Filter>
    </ClCompile>
    <ClCompile Include="Mod_General.cpp">
      <Filter>Source Files\Mods</Filter>
    </ClCompile>
    <ClCompile Include="Mod_HitSounds.cpp">
      <Filter>Source Files\Mods</Filter>
    </ClCompile>
    <ClCompile Include="Mod_HudMod.cpp">
      <Filter>Source Files\Mods</Filter>
    </ClCompile>
    <ClCompile Include="Mod_Projectiles.cpp">
      <Filter>Source Files\Mods</Filter>
    </ClCompile>
    <ClCompile Include="Mod_Reticules.cpp">
      <Filter>Source Files\Mods</Filter>
    </ClCompile>
    <ClCompile Include="Mod_Routes.cpp">
      <Filter>Source Files\Mods</Filter>
    </ClCompile>
    <ClCompile Include="Mod_ServerSettings.cpp">
      <Filter>Source Files\Mods</Filter>
    </ClCompile>
    <ClCompile Include="Mod_StateSaving.cpp">
      <Filter>Source Files\Mods</Filter>
    </ClCompile>
    <ClCompile Include="Data.cpp">
      <Filter>Source Files</Filter>
    </ClCompile>
    <ClCompile Include="DataGetters.cpp">
      <Filter>Source Files</Filter>
    </ClCompile>
    <ClCompile Include="Mod_FlagEventSounds.cpp">
      <Filter>Source Files\Mods</Filter>
    </ClCompile>
    <ClCompile Include="NameCryptor.cpp">
      <Filter>Source Files</Filter>
    </ClCompile>
  </ItemGroup>
  <ItemGroup>
    <ClInclude Include="dllmain.h">
      <Filter>Header Files</Filter>
    </ClInclude>
    <ClInclude Include="SdkHeaders.h">
      <Filter>Header Files</Filter>
    </ClInclude>
    <ClInclude Include="SDK_HEADERS\Core_classes.h">
      <Filter>Header Files\SDK_HEADERS</Filter>
    </ClInclude>
    <ClInclude Include="SDK_HEADERS\Core_f_structs.h">
      <Filter>Header Files\SDK_HEADERS</Filter>
    </ClInclude>
    <ClInclude Include="SDK_HEADERS\Core_structs.h">
      <Filter>Header Files\SDK_HEADERS</Filter>
    </ClInclude>
    <ClInclude Include="SDK_HEADERS\Engine_classes.h">
      <Filter>Header Files\SDK_HEADERS</Filter>
    </ClInclude>
    <ClInclude Include="SDK_HEADERS\Engine_f_structs.h">
      <Filter>Header Files\SDK_HEADERS</Filter>
    </ClInclude>
    <ClInclude Include="SDK_HEADERS\Engine_structs.h">
      <Filter>Header Files\SDK_HEADERS</Filter>
    </ClInclude>
    <ClInclude Include="SDK_HEADERS\GameFramework_classes.h">
      <Filter>Header Files\SDK_HEADERS</Filter>
    </ClInclude>
    <ClInclude Include="SDK_HEADERS\GameFramework_f_structs.h">
      <Filter>Header Files\SDK_HEADERS</Filter>
    </ClInclude>
    <ClInclude Include="SDK_HEADERS\GameFramework_structs.h">
      <Filter>Header Files\SDK_HEADERS</Filter>
    </ClInclude>
    <ClInclude Include="SDK_HEADERS\GFxUI_classes.h">
      <Filter>Header Files\SDK_HEADERS</Filter>
    </ClInclude>
    <ClInclude Include="SDK_HEADERS\GFxUI_f_structs.h">
      <Filter>Header Files\SDK_HEADERS</Filter>
    </ClInclude>
    <ClInclude Include="SDK_HEADERS\GFxUI_structs.h">
      <Filter>Header Files\SDK_HEADERS</Filter>
    </ClInclude>
    <ClInclude Include="SDK_HEADERS\IpDrv_classes.h">
      <Filter>Header Files\SDK_HEADERS</Filter>
    </ClInclude>
    <ClInclude Include="SDK_HEADERS\IpDrv_f_structs.h">
      <Filter>Header Files\SDK_HEADERS</Filter>
    </ClInclude>
    <ClInclude Include="SDK_HEADERS\IpDrv_structs.h">
      <Filter>Header Files\SDK_HEADERS</Filter>
    </ClInclude>
    <ClInclude Include="SDK_HEADERS\OnlineSubsystemMcts_classes.h">
      <Filter>Header Files\SDK_HEADERS</Filter>
    </ClInclude>
    <ClInclude Include="SDK_HEADERS\OnlineSubsystemMcts_f_structs.h">
      <Filter>Header Files\SDK_HEADERS</Filter>
    </ClInclude>
    <ClInclude Include="SDK_HEADERS\OnlineSubsystemMcts_structs.h">
      <Filter>Header Files\SDK_HEADERS</Filter>
    </ClInclude>
    <ClInclude Include="SDK_HEADERS\PlatformCommon_classes.h">
      <Filter>Header Files\SDK_HEADERS</Filter>
    </ClInclude>
    <ClInclude Include="SDK_HEADERS\PlatformCommon_f_structs.h">
      <Filter>Header Files\SDK_HEADERS</Filter>
    </ClInclude>
    <ClInclude Include="SDK_HEADERS\PlatformCommon_structs.h">
      <Filter>Header Files\SDK_HEADERS</Filter>
    </ClInclude>
    <ClInclude Include="SDK_HEADERS\TribesGameContent_classes.h">
      <Filter>Header Files\SDK_HEADERS</Filter>
    </ClInclude>
    <ClInclude Include="SDK_HEADERS\TribesGameContent_f_structs.h">
      <Filter>Header Files\SDK_HEADERS</Filter>
    </ClInclude>
    <ClInclude Include="SDK_HEADERS\TribesGameContent_structs.h">
      <Filter>Header Files\SDK_HEADERS</Filter>
    </ClInclude>
    <ClInclude Include="SDK_HEADERS\TribesGame_classes.h">
      <Filter>Header Files\SDK_HEADERS</Filter>
    </ClInclude>
    <ClInclude Include="SDK_HEADERS\TribesGame_f_structs.h">
      <Filter>Header Files\SDK_HEADERS</Filter>
    </ClInclude>
    <ClInclude Include="SDK_HEADERS\TribesGame_structs.h">
      <Filter>Header Files\SDK_HEADERS</Filter>
    </ClInclude>
    <ClInclude Include="SDK_HEADERS\UDKBase_classes.h">
      <Filter>Header Files\SDK_HEADERS</Filter>
    </ClInclude>
    <ClInclude Include="SDK_HEADERS\UDKBase_f_structs.h">
      <Filter>Header Files\SDK_HEADERS</Filter>
    </ClInclude>
    <ClInclude Include="SDK_HEADERS\UDKBase_structs.h">
      <Filter>Header Files\SDK_HEADERS</Filter>
    </ClInclude>
    <ClInclude Include="SDK_HEADERS\UTGame_classes.h">
      <Filter>Header Files\SDK_HEADERS</Filter>
    </ClInclude>
    <ClInclude Include="SDK_HEADERS\UTGame_f_structs.h">
      <Filter>Header Files\SDK_HEADERS</Filter>
    </ClInclude>
    <ClInclude Include="SDK_HEADERS\UTGame_structs.h">
      <Filter>Header Files\SDK_HEADERS</Filter>
    </ClInclude>
    <ClInclude Include="SDK_HEADERS\WinDrv_classes.h">
      <Filter>Header Files\SDK_HEADERS</Filter>
    </ClInclude>
    <ClInclude Include="SDK_HEADERS\WinDrv_f_structs.h">
      <Filter>Header Files\SDK_HEADERS</Filter>
    </ClInclude>
    <ClInclude Include="SDK_HEADERS\WinDrv_structs.h">
      <Filter>Header Files\SDK_HEADERS</Filter>
    </ClInclude>
    <ClInclude Include="SDK_HEADERS\XAudio2_classes.h">
      <Filter>Header Files\SDK_HEADERS</Filter>
    </ClInclude>
    <ClInclude Include="SDK_HEADERS\XAudio2_f_structs.h">
      <Filter>Header Files\SDK_HEADERS</Filter>
    </ClInclude>
    <ClInclude Include="SDK_HEADERS\XAudio2_structs.h">
      <Filter>Header Files\SDK_HEADERS</Filter>
    </ClInclude>
    <ClInclude Include="Hooks.h">
      <Filter>Header Files</Filter>
    </ClInclude>
    <ClInclude Include="Logger.h">
      <Filter>Header Files</Filter>
    </ClInclude>
    <ClInclude Include="Config.h">
      <Filter>Header Files</Filter>
    </ClInclude>
    <ClInclude Include="Utils.h">
      <Filter>Header Files</Filter>
    </ClInclude>
    <ClInclude Include="Mods.h">
      <Filter>Header Files</Filter>
    </ClInclude>
    <ClInclude Include="Geom.h">
      <Filter>Header Files</Filter>
    </ClInclude>
    <ClInclude Include="Lua.h">
      <Filter>Header Files</Filter>
    </ClInclude>
    <ClInclude Include="lua_src\lapi.h">
      <Filter>Source Files\lua_src</Filter>
    </ClInclude>
    <ClInclude Include="lua_src\lauxlib.h">
      <Filter>Source Files\lua_src</Filter>
    </ClInclude>
    <ClInclude Include="lua_src\lcode.h">
      <Filter>Source Files\lua_src</Filter>
    </ClInclude>
    <ClInclude Include="lua_src\lctype.h">
      <Filter>Source Files\lua_src</Filter>
    </ClInclude>
    <ClInclude Include="lua_src\ldebug.h">
      <Filter>Source Files\lua_src</Filter>
    </ClInclude>
    <ClInclude Include="lua_src\ldo.h">
      <Filter>Source Files\lua_src</Filter>
    </ClInclude>
    <ClInclude Include="lua_src\lfunc.h">
      <Filter>Source Files\lua_src</Filter>
    </ClInclude>
    <ClInclude Include="lua_src\lgc.h">
      <Filter>Source Files\lua_src</Filter>
    </ClInclude>
    <ClInclude Include="lua_src\llex.h">
      <Filter>Source Files\lua_src</Filter>
    </ClInclude>
    <ClInclude Include="lua_src\llimits.h">
      <Filter>Source Files\lua_src</Filter>
    </ClInclude>
    <ClInclude Include="lua_src\lmem.h">
      <Filter>Source Files\lua_src</Filter>
    </ClInclude>
    <ClInclude Include="lua_src\lobject.h">
      <Filter>Source Files\lua_src</Filter>
    </ClInclude>
    <ClInclude Include="lua_src\lopcodes.h">
      <Filter>Source Files\lua_src</Filter>
    </ClInclude>
    <ClInclude Include="lua_src\lparser.h">
      <Filter>Source Files\lua_src</Filter>
    </ClInclude>
    <ClInclude Include="lua_src\lprefix.h">
      <Filter>Source Files\lua_src</Filter>
    </ClInclude>
    <ClInclude Include="lua_src\lstate.h">
      <Filter>Source Files\lua_src</Filter>
    </ClInclude>
    <ClInclude Include="lua_src\lstring.h">
      <Filter>Source Files\lua_src</Filter>
    </ClInclude>
    <ClInclude Include="lua_src\ltable.h">
      <Filter>Source Files\lua_src</Filter>
    </ClInclude>
    <ClInclude Include="lua_src\ltm.h">
      <Filter>Source Files\lua_src</Filter>
    </ClInclude>
    <ClInclude Include="lua_src\lua.h">
      <Filter>Source Files\lua_src</Filter>
    </ClInclude>
    <ClInclude Include="lua_src\lua.hpp">
      <Filter>Source Files\lua_src</Filter>
    </ClInclude>
    <ClInclude Include="lua_src\luaconf.h">
      <Filter>Source Files\lua_src</Filter>
    </ClInclude>
    <ClInclude Include="lua_src\lualib.h">
      <Filter>Source Files\lua_src</Filter>
    </ClInclude>
    <ClInclude Include="lua_src\lundump.h">
      <Filter>Source Files\lua_src</Filter>
    </ClInclude>
    <ClInclude Include="lua_src\lvm.h">
      <Filter>Source Files\lua_src</Filter>
    </ClInclude>
    <ClInclude Include="lua_src\lzio.h">
      <Filter>Source Files\lua_src</Filter>
    </ClInclude>
    <ClInclude Include="Stats.h">
      <Filter>Header Files</Filter>
    </ClInclude>
    <ClInclude Include="Wave.h">
      <Filter>Header Files</Filter>
    </ClInclude>
    <ClInclude Include="Audio.h">
      <Filter>Header Files</Filter>
    </ClInclude>
    <ClInclude Include="SoundEffect.h">
      <Filter>Header Files</Filter>
    </ClInclude>
    <ClInclude Include="libpng\png.h">
      <Filter>Source Files\libpng</Filter>
    </ClInclude>
    <ClInclude Include="libpng\pngconf.h">
      <Filter>Source Files\libpng</Filter>
    </ClInclude>
    <ClInclude Include="libpng\pngdebug.h">
      <Filter>Source Files\libpng</Filter>
    </ClInclude>
    <ClInclude Include="libpng\pnginfo.h">
      <Filter>Source Files\libpng</Filter>
    </ClInclude>
    <ClInclude Include="libpng\pngpriv.h">
      <Filter>Source Files\libpng</Filter>
    </ClInclude>
    <ClInclude Include="libpng\pngstruct.h">
      <Filter>Source Files\libpng</Filter>
    </ClInclude>
    <ClInclude Include="libpng\pnglibconf.h">
      <Filter>Source Files\libpng</Filter>
    </ClInclude>
    <ClInclude Include="zlib\crc32.h">
      <Filter>Source Files\zlib</Filter>
    </ClInclude>
    <ClInclude Include="zlib\deflate.h">
      <Filter>Source Files\zlib</Filter>
    </ClInclude>
    <ClInclude Include="zlib\inffast.h">
      <Filter>Source Files\zlib</Filter>
    </ClInclude>
    <ClInclude Include="zlib\inffixed.h">
      <Filter>Source Files\zlib</Filter>
    </ClInclude>
    <ClInclude Include="zlib\inflate.h">
      <Filter>Source Files\zlib</Filter>
    </ClInclude>
    <ClInclude Include="zlib\inftrees.h">
      <Filter>Source Files\zlib</Filter>
    </ClInclude>
    <ClInclude Include="zlib\trees.h">
      <Filter>Source Files\zlib</Filter>
    </ClInclude>
    <ClInclude Include="zlib\zconf.h">
      <Filter>Source Files\zlib</Filter>
    </ClInclude>
    <ClInclude Include="zlib\zlib.h">
      <Filter>Source Files\zlib</Filter>
    </ClInclude>
    <ClInclude Include="zlib\zutil.h">
      <Filter>Source Files\zlib</Filter>
    </ClInclude>
    <ClInclude Include="Profiler.h">
      <Filter>Header Files</Filter>
    </ClInclude>
    <ClInclude Include="Data.h">
      <Filter>Header Files</Filter>
    </ClInclude>
    <ClInclude Include="DataGetters.h">
      <Filter>Header Files</Filter>
    </ClInclude>
    <ClInclude Include="cryptopp\headers\bench.h">
      <Filter>Source Files\cryptopp</Filter>
    </ClInclude>
    <ClInclude Include="cryptopp\headers\blowfish.h">
      <Filter>Source Files\cryptopp</Filter>
    </ClInclude>
    <ClInclude Include="cryptopp\headers\blumshub.h">
      <Filter>Source Files\cryptopp</Filter>
    </ClInclude>
    <ClInclude Include="cryptopp\headers\camellia.h">
      <Filter>Source Files\cryptopp</Filter>
    </ClInclude>
    <ClInclude Include="cryptopp\headers\cast.h">
      <Filter>Source Files\cryptopp</Filter>
    </ClInclude>
    <ClInclude Include="cryptopp\headers\cbcmac.h">
      <Filter>Source Files\cryptopp</Filter>
    </ClInclude>
    <ClInclude Include="cryptopp\headers\ccm.h">
      <Filter>Source Files\cryptopp</Filter>
    </ClInclude>
    <ClInclude Include="cryptopp\headers\channels.h">
      <Filter>Source Files\cryptopp</Filter>
    </ClInclude>
    <ClInclude Include="cryptopp\headers\cmac.h">
      <Filter>Source Files\cryptopp</Filter>
    </ClInclude>
    <ClInclude Include="cryptopp\headers\config.h">
      <Filter>Source Files\cryptopp</Filter>
    </ClInclude>
    <ClInclude Include="cryptopp\headers\cpu.h">
      <Filter>Source Files\cryptopp</Filter>
    </ClInclude>
    <ClInclude Include="cryptopp\headers\crc.h">
      <Filter>Source Files\cryptopp</Filter>
    </ClInclude>
    <ClInclude Include="cryptopp\headers\cryptlib.h">
      <Filter>Source Files\cryptopp</Filter>
    </ClInclude>
    <ClInclude Include="cryptopp\headers\default.h">
      <Filter>Source Files\cryptopp</Filter>
    </ClInclude>
    <ClInclude Include="cryptopp\headers\des.h">
      <Filter>Source Files\cryptopp</Filter>
    </ClInclude>
    <ClInclude Include="cryptopp\headers\dh.h">
      <Filter>Source Files\cryptopp</Filter>
    </ClInclude>
    <ClInclude Include="cryptopp\headers\dh2.h">
      <Filter>Source Files\cryptopp</Filter>
    </ClInclude>
    <ClInclude Include="cryptopp\headers\dll.h">
      <Filter>Source Files\cryptopp</Filter>
    </ClInclude>
    <ClInclude Include="cryptopp\headers\dmac.h">
      <Filter>Source Files\cryptopp</Filter>
    </ClInclude>
    <ClInclude Include="cryptopp\headers\dsa.h">
      <Filter>Source Files\cryptopp</Filter>
    </ClInclude>
    <ClInclude Include="cryptopp\headers\eax.h">
      <Filter>Source Files\cryptopp</Filter>
    </ClInclude>
    <ClInclude Include="cryptopp\headers\ec2n.h">
      <Filter>Source Files\cryptopp</Filter>
    </ClInclude>
    <ClInclude Include="cryptopp\headers\eccrypto.h">
      <Filter>Source Files\cryptopp</Filter>
    </ClInclude>
    <ClInclude Include="cryptopp\headers\ecp.h">
      <Filter>Source Files\cryptopp</Filter>
    </ClInclude>
    <ClInclude Include="cryptopp\headers\elgamal.h">
      <Filter>Source Files\cryptopp</Filter>
    </ClInclude>
    <ClInclude Include="cryptopp\headers\emsa2.h">
      <Filter>Source Files\cryptopp</Filter>
    </ClInclude>
    <ClInclude Include="cryptopp\headers\eprecomp.h">
      <Filter>Source Files\cryptopp</Filter>
    </ClInclude>
    <ClInclude Include="cryptopp\headers\esign.h">
      <Filter>Source Files\cryptopp</Filter>
    </ClInclude>
    <ClInclude Include="cryptopp\headers\factory.h">
      <Filter>Source Files\cryptopp</Filter>
    </ClInclude>
    <ClInclude Include="cryptopp\headers\files.h">
      <Filter>Source Files\cryptopp</Filter>
    </ClInclude>
    <ClInclude Include="cryptopp\headers\filters.h">
      <Filter>Source Files\cryptopp</Filter>
    </ClInclude>
    <ClInclude Include="cryptopp\headers\fips140.h">
      <Filter>Source Files\cryptopp</Filter>
    </ClInclude>
    <ClInclude Include="cryptopp\headers\fltrimpl.h">
      <Filter>Source Files\cryptopp</Filter>
    </ClInclude>
    <ClInclude Include="cryptopp\headers\gcm.h">
      <Filter>Source Files\cryptopp</Filter>
    </ClInclude>
    <ClInclude Include="cryptopp\headers\gf2_32.h">
      <Filter>Source Files\cryptopp</Filter>
    </ClInclude>
    <ClInclude Include="cryptopp\headers\gf2n.h">
      <Filter>Source Files\cryptopp</Filter>
    </ClInclude>
    <ClInclude Include="cryptopp\headers\gf256.h">
      <Filter>Source Files\cryptopp</Filter>
    </ClInclude>
    <ClInclude Include="cryptopp\headers\gfpcrypt.h">
      <Filter>Source Files\cryptopp</Filter>
    </ClInclude>
    <ClInclude Include="cryptopp\headers\gost.h">
      <Filter>Source Files\cryptopp</Filter>
    </ClInclude>
    <ClInclude Include="cryptopp\headers\gzip.h">
      <Filter>Source Files\cryptopp</Filter>
    </ClInclude>
    <ClInclude Include="cryptopp\headers\hex.h">
      <Filter>Source Files\cryptopp</Filter>
    </ClInclude>
    <ClInclude Include="cryptopp\headers\hkdf.h">
      <Filter>Source Files\cryptopp</Filter>
    </ClInclude>
    <ClInclude Include="cryptopp\headers\hmac.h">
      <Filter>Source Files\cryptopp</Filter>
    </ClInclude>
    <ClInclude Include="cryptopp\headers\hrtimer.h">
      <Filter>Source Files\cryptopp</Filter>
    </ClInclude>
    <ClInclude Include="cryptopp\headers\ida.h">
      <Filter>Source Files\cryptopp</Filter>
    </ClInclude>
    <ClInclude Include="cryptopp\headers\idea.h">
      <Filter>Source Files\cryptopp</Filter>
    </ClInclude>
    <ClInclude Include="cryptopp\headers\integer.h">
      <Filter>Source Files\cryptopp</Filter>
    </ClInclude>
    <ClInclude Include="cryptopp\headers\iterhash.h">
      <Filter>Source Files\cryptopp</Filter>
    </ClInclude>
    <ClInclude Include="cryptopp\headers\lubyrack.h">
      <Filter>Source Files\cryptopp</Filter>
    </ClInclude>
    <ClInclude Include="cryptopp\headers\luc.h">
      <Filter>Source Files\cryptopp</Filter>
    </ClInclude>
    <ClInclude Include="cryptopp\headers\mars.h">
      <Filter>Source Files\cryptopp</Filter>
    </ClInclude>
    <ClInclude Include="cryptopp\headers\md2.h">
      <Filter>Source Files\cryptopp</Filter>
    </ClInclude>
    <ClInclude Include="cryptopp\headers\md4.h">
      <Filter>Source Files\cryptopp</Filter>
    </ClInclude>
    <ClInclude Include="cryptopp\headers\md5.h">
      <Filter>Source Files\cryptopp</Filter>
    </ClInclude>
    <ClInclude Include="cryptopp\headers\mdc.h">
      <Filter>Source Files\cryptopp</Filter>
    </ClInclude>
    <ClInclude Include="cryptopp\headers\mersenne.h">
      <Filter>Source Files\cryptopp</Filter>
    </ClInclude>
    <ClInclude Include="cryptopp\headers\misc.h">
      <Filter>Source Files\cryptopp</Filter>
    </ClInclude>
    <ClInclude Include="cryptopp\headers\modarith.h">
      <Filter>Source Files\cryptopp</Filter>
    </ClInclude>
    <ClInclude Include="cryptopp\headers\modes.h">
      <Filter>Source Files\cryptopp</Filter>
    </ClInclude>
    <ClInclude Include="cryptopp\headers\modexppc.h">
      <Filter>Source Files\cryptopp</Filter>
    </ClInclude>
    <ClInclude Include="cryptopp\headers\mqueue.h">
      <Filter>Source Files\cryptopp</Filter>
    </ClInclude>
    <ClInclude Include="cryptopp\headers\mqv.h">
      <Filter>Source Files\cryptopp</Filter>
    </ClInclude>
    <ClInclude Include="cryptopp\headers\nbtheory.h">
      <Filter>Source Files\cryptopp</Filter>
    </ClInclude>
    <ClInclude Include="cryptopp\headers\network.h">
      <Filter>Source Files\cryptopp</Filter>
    </ClInclude>
    <ClInclude Include="cryptopp\headers\nr.h">
      <Filter>Source Files\cryptopp</Filter>
    </ClInclude>
    <ClInclude Include="cryptopp\headers\oaep.h">
      <Filter>Source Files\cryptopp</Filter>
    </ClInclude>
    <ClInclude Include="cryptopp\headers\oids.h">
      <Filter>Source Files\cryptopp</Filter>
    </ClInclude>
    <ClInclude Include="cryptopp\headers\osrng.h">
      <Filter>Source Files\cryptopp</Filter>
    </ClInclude>
    <ClInclude Include="cryptopp\headers\panama.h">
      <Filter>Source Files\cryptopp</Filter>
    </ClInclude>
    <ClInclude Include="cryptopp\headers\pch.h">
      <Filter>Source Files\cryptopp</Filter>
    </ClInclude>
    <ClInclude Include="cryptopp\headers\pkcspad.h">
      <Filter>Source Files\cryptopp</Filter>
    </ClInclude>
    <ClInclude Include="cryptopp\headers\polynomi.h">
      <Filter>Source Files\cryptopp</Filter>
    </ClInclude>
    <ClInclude Include="cryptopp\headers\pssr.h">
      <Filter>Source Files\cryptopp</Filter>
    </ClInclude>
    <ClInclude Include="cryptopp\headers\pubkey.h">
      <Filter>Source Files\cryptopp</Filter>
    </ClInclude>
    <ClInclude Include="cryptopp\headers\pwdbased.h">
      <Filter>Source Files\cryptopp</Filter>
    </ClInclude>
    <ClInclude Include="cryptopp\headers\queue.h">
      <Filter>Source Files\cryptopp</Filter>
    </ClInclude>
    <ClInclude Include="cryptopp\headers\rabin.h">
      <Filter>Source Files\cryptopp</Filter>
    </ClInclude>
    <ClInclude Include="cryptopp\headers\randpool.h">
      <Filter>Source Files\cryptopp</Filter>
    </ClInclude>
    <ClInclude Include="cryptopp\headers\rc2.h">
      <Filter>Source Files\cryptopp</Filter>
    </ClInclude>
    <ClInclude Include="cryptopp\headers\rc5.h">
      <Filter>Source Files\cryptopp</Filter>
    </ClInclude>
    <ClInclude Include="cryptopp\headers\rc6.h">
      <Filter>Source Files\cryptopp</Filter>
    </ClInclude>
    <ClInclude Include="cryptopp\headers\rdrand.h">
      <Filter>Source Files\cryptopp</Filter>
    </ClInclude>
    <ClInclude Include="cryptopp\headers\resource.h">
      <Filter>Source Files\cryptopp</Filter>
    </ClInclude>
    <ClInclude Include="cryptopp\headers\rijndael.h">
      <Filter>Source Files\cryptopp</Filter>
    </ClInclude>
    <ClInclude Include="cryptopp\headers\ripemd.h">
      <Filter>Source Files\cryptopp</Filter>
    </ClInclude>
    <ClInclude Include="cryptopp\headers\rng.h">
      <Filter>Source Files\cryptopp</Filter>
    </ClInclude>
    <ClInclude Include="cryptopp\headers\rsa.h">
      <Filter>Source Files\cryptopp</Filter>
    </ClInclude>
    <ClInclude Include="cryptopp\headers\rw.h">
      <Filter>Source Files\cryptopp</Filter>
    </ClInclude>
    <ClInclude Include="cryptopp\headers\safer.h">
      <Filter>Source Files\cryptopp</Filter>
    </ClInclude>
    <ClInclude Include="cryptopp\headers\salsa.h">
      <Filter>Source Files\cryptopp</Filter>
    </ClInclude>
    <ClInclude Include="cryptopp\headers\seal.h">
      <Filter>Source Files\cryptopp</Filter>
    </ClInclude>
    <ClInclude Include="cryptopp\headers\secblock.h">
      <Filter>Source Files\cryptopp</Filter>
    </ClInclude>
    <ClInclude Include="cryptopp\headers\seckey.h">
      <Filter>Source Files\cryptopp</Filter>
    </ClInclude>
    <ClInclude Include="cryptopp\headers\seed.h">
      <Filter>Source Files\cryptopp</Filter>
    </ClInclude>
    <ClInclude Include="cryptopp\headers\serpent.h">
      <Filter>Source Files\cryptopp</Filter>
    </ClInclude>
    <ClInclude Include="cryptopp\headers\serpentp.h">
      <Filter>Source Files\cryptopp</Filter>
    </ClInclude>
    <ClInclude Include="cryptopp\headers\sha.h">
      <Filter>Source Files\cryptopp</Filter>
    </ClInclude>
    <ClInclude Include="cryptopp\headers\sha3.h">
      <Filter>Source Files\cryptopp</Filter>
    </ClInclude>
    <ClInclude Include="cryptopp\headers\shacal2.h">
      <Filter>Source Files\cryptopp</Filter>
    </ClInclude>
    <ClInclude Include="cryptopp\headers\shark.h">
      <Filter>Source Files\cryptopp</Filter>
    </ClInclude>
    <ClInclude Include="cryptopp\headers\simple.h">
      <Filter>Source Files\cryptopp</Filter>
    </ClInclude>
    <ClInclude Include="cryptopp\headers\skipjack.h">
      <Filter>Source Files\cryptopp</Filter>
    </ClInclude>
    <ClInclude Include="cryptopp\headers\smartptr.h">
      <Filter>Source Files\cryptopp</Filter>
    </ClInclude>
    <ClInclude Include="cryptopp\headers\socketft.h">
      <Filter>Source Files\cryptopp</Filter>
    </ClInclude>
    <ClInclude Include="cryptopp\headers\sosemanuk.h">
      <Filter>Source Files\cryptopp</Filter>
    </ClInclude>
    <ClInclude Include="cryptopp\headers\square.h">
      <Filter>Source Files\cryptopp</Filter>
    </ClInclude>
    <ClInclude Include="cryptopp\headers\stdcpp.h">
      <Filter>Source Files\cryptopp</Filter>
    </ClInclude>
    <ClInclude Include="cryptopp\headers\strciphr.h">
      <Filter>Source Files\cryptopp</Filter>
    </ClInclude>
    <ClInclude Include="cryptopp\headers\tea.h">
      <Filter>Source Files\cryptopp</Filter>
    </ClInclude>
    <ClInclude Include="cryptopp\headers\tiger.h">
      <Filter>Source Files\cryptopp</Filter>
    </ClInclude>
    <ClInclude Include="cryptopp\headers\trdlocal.h">
      <Filter>Source Files\cryptopp</Filter>
    </ClInclude>
    <ClInclude Include="cryptopp\headers\trunhash.h">
      <Filter>Source Files\cryptopp</Filter>
    </ClInclude>
    <ClInclude Include="cryptopp\headers\ttmac.h">
      <Filter>Source Files\cryptopp</Filter>
    </ClInclude>
    <ClInclude Include="cryptopp\headers\twofish.h">
      <Filter>Source Files\cryptopp</Filter>
    </ClInclude>
    <ClInclude Include="cryptopp\headers\validate.h">
      <Filter>Source Files\cryptopp</Filter>
    </ClInclude>
    <ClInclude Include="cryptopp\headers\vmac.h">
      <Filter>Source Files\cryptopp</Filter>
    </ClInclude>
    <ClInclude Include="cryptopp\headers\wait.h">
      <Filter>Source Files\cryptopp</Filter>
    </ClInclude>
    <ClInclude Include="cryptopp\headers\wake.h">
      <Filter>Source Files\cryptopp</Filter>
    </ClInclude>
    <ClInclude Include="cryptopp\headers\whrlpool.h">
      <Filter>Source Files\cryptopp</Filter>
    </ClInclude>
    <ClInclude Include="cryptopp\headers\winpipes.h">
      <Filter>Source Files\cryptopp</Filter>
    </ClInclude>
    <ClInclude Include="cryptopp\headers\words.h">
      <Filter>Source Files\cryptopp</Filter>
    </ClInclude>
    <ClInclude Include="cryptopp\headers\xtr.h">
      <Filter>Source Files\cryptopp</Filter>
    </ClInclude>
    <ClInclude Include="cryptopp\headers\xtrcrypt.h">
      <Filter>Source Files\cryptopp</Filter>
    </ClInclude>
    <ClInclude Include="cryptopp\headers\zdeflate.h">
      <Filter>Source Files\cryptopp</Filter>
    </ClInclude>
    <ClInclude Include="cryptopp\headers\zinflate.h">
      <Filter>Source Files\cryptopp</Filter>
    </ClInclude>
    <ClInclude Include="cryptopp\headers\zlib.h">
      <Filter>Source Files\cryptopp</Filter>
    </ClInclude>
    <ClInclude Include="cryptopp\headers\3way.h">
      <Filter>Source Files\cryptopp</Filter>
    </ClInclude>
    <ClInclude Include="cryptopp\headers\adler32.h">
      <Filter>Source Files\cryptopp</Filter>
    </ClInclude>
    <ClInclude Include="cryptopp\headers\aes.h">
      <Filter>Source Files\cryptopp</Filter>
    </ClInclude>
    <ClInclude Include="cryptopp\headers\algebra.h">
      <Filter>Source Files\cryptopp</Filter>
    </ClInclude>
    <ClInclude Include="cryptopp\headers\algparam.h">
      <Filter>Source Files\cryptopp</Filter>
    </ClInclude>
    <ClInclude Include="cryptopp\headers\arc4.h">
      <Filter>Source Files\cryptopp</Filter>
    </ClInclude>
    <ClInclude Include="cryptopp\headers\argnames.h">
      <Filter>Source Files\cryptopp</Filter>
    </ClInclude>
    <ClInclude Include="cryptopp\headers\asn.h">
      <Filter>Source Files\cryptopp</Filter>
    </ClInclude>
    <ClInclude Include="cryptopp\headers\authenc.h">
      <Filter>Source Files\cryptopp</Filter>
    </ClInclude>
    <ClInclude Include="cryptopp\headers\base32.h">
      <Filter>Source Files\cryptopp</Filter>
    </ClInclude>
    <ClInclude Include="cryptopp\headers\base64.h">
      <Filter>Source Files\cryptopp</Filter>
    </ClInclude>
    <ClInclude Include="cryptopp\headers\basecode.h">
      <Filter>Source Files\cryptopp</Filter>
    </ClInclude>
    <ClInclude Include="NameCryptor.h">
      <Filter>Header Files</Filter>
    </ClInclude>
  </ItemGroup>
</Project>